dependencies:
- name: tinkerbell
  repository: oci://ghcr.io/tinkerbell/charts
  version: v0.22.0
- name: kube-vip-cloud-provider
  repository: https://kube-vip.github.io/helm-charts
  version: 0.2.9
digest: sha256:7137f40559496f0f9579947ab7f144c124cb416f68aad7b601ca889089ba616b
generated: "2025-12-19T01:19:01.559081769Z"
